github.com/SimonSchneider/goslu v0.1.1 h1:plGvHuCoNN8xwShEM9+0k/2+PY8aoQcbfTbyY5uGYBk=
github.com/SimonSchneider/goslu v0.1.1/go.mod h1:4RHIaXGxafAaSNJfcbjdPj8fS7BcJq2TX4nDlyunPw0=
github.com/SimonSchneider/goslu v0.1.2 h1:z6ibtvK2xfOYgF1bGGzI0EzVh8iOYTNoY6livqXu92Y=
github.com/SimonSchneider/goslu v0.1.2/go.mod h1:4RHIaXGxafAaSNJfcbjdPj8fS7BcJq2TX4nDlyunPw0=
